
Microsoft Visual Studio Solution File, Format Version 12.00
# Visual Studio Version 16
VisualStudioVersion = 16.0.32602.291
MinimumVisualStudioVersion = 10.0.40219.1
Project("{888888A0-9F3D-457C-B088-3A5042F75D52}") = "car number plate calculater", "car number plate calculater.pyproj", "{7A270123-4D18-48E9-99BE-3656D97E191C}"
EndProject
Global
	GlobalSection(SolutionConfigurationPlatforms) = preSolution
		Debug|Any CPU = Debug|Any CPU
		Release|Any CPU = Release|Any CPU
	EndGlobalSection
	GlobalSection(ProjectConfigurationPlatforms) = postSolution
		{7A270123-4D18-48E9-99BE-3656D97E191C}.Debug|Any CPU.ActiveCfg = Debug|Any CPU
		{7A270123-4D18-48E9-99BE-3656D97E191C}.Release|Any CPU.ActiveCfg = Release|Any CPU
	EndGlobalSection
	GlobalSection(SolutionProperties) = preSolution
		HideSolutionNode = FALSE
	EndGlobalSection
	GlobalSection(ExtensibilityGlobals) = postSolution
		SolutionGuid = {EFA45150-70F0-4C53-ADAD-B924084A7EE6}
	EndGlobalSection
EndGlobal
